
Microsoft Visual Studio Solution File, Format Version 12.00
# Visual Studio Version 16
VisualStudioVersion = 16.0.30907.101
MinimumVisualStudioVersion = 10.0.40219.1
Project("{9A19103F-16F7-4668-BE54-9A1E7A4F7556}") = "BlazorJwt.Server", "BlazorJwt\Server\BlazorJwt.Server.csproj", "{D0DDD38A-3D24-413A-B80A-D8FE474A8720}"
EndProject
Project("{9A19103F-16F7-4668-BE54-9A1E7A4F7556}") = "BlazorJwt.Client", "BlazorJwt\Client\BlazorJwt.Client.csproj", "{EBB0A27E-F7E4-4493-B824-E52843BD347D}"
EndProject
Project("{9A19103F-16F7-4668-BE54-9A1E7A4F7556}") = "BlazorJwt.Shared", "BlazorJwt\Shared\BlazorJwt.Shared.csproj", "{DA578FE7-B77D-4852-8E98-5FF74C514006}"
EndProject
Global
	GlobalSection(SolutionConfigurationPlatforms) = preSolution
		Debug|Any CPU = Debug|Any CPU
		Release|Any CPU = Release|Any CPU
	EndGlobalSection
	GlobalSection(ProjectConfigurationPlatforms) = postSolution
		{D0DDD38A-3D24-413A-B80A-D8FE474A8720}.Debug|Any CPU.ActiveCfg = Debug|Any CPU
		{D0DDD38A-3D24-413A-B80A-D8FE474A8720}.Debug|Any CPU.Build.0 = Debug|Any CPU
		{D0DDD38A-3D24-413A-B80A-D8FE474A8720}.Release|Any CPU.ActiveCfg = Release|Any CPU
		{D0DDD38A-3D24-413A-B80A-D8FE474A8720}.Release|Any CPU.Build.0 = Release|Any CPU
		{EBB0A27E-F7E4-4493-B824-E52843BD347D}.Debug|Any CPU.ActiveCfg = Debug|Any CPU
		{EBB0A27E-F7E4-4493-B824-E52843BD347D}.Debug|Any CPU.Build.0 = Debug|Any CPU
		{EBB0A27E-F7E4-4493-B824-E52843BD347D}.Release|Any CPU.ActiveCfg = Release|Any CPU
		{EBB0A27E-F7E4-4493-B824-E52843BD347D}.Release|Any CPU.Build.0 = Release|Any CPU
		{DA578FE7-B77D-4852-8E98-5FF74C514006}.Debug|Any CPU.ActiveCfg = Debug|Any CPU
		{DA578FE7-B77D-4852-8E98-5FF74C514006}.Debug|Any CPU.Build.0 = Debug|Any CPU
		{DA578FE7-B77D-4852-8E98-5FF74C514006}.Release|Any CPU.ActiveCfg = Release|Any CPU
		{DA578FE7-B77D-4852-8E98-5FF74C514006}.Release|Any CPU.Build.0 = Release|Any CPU
	EndGlobalSection
	GlobalSection(SolutionProperties) = preSolution
		HideSolutionNode = FALSE
	EndGlobalSection
	GlobalSection(ExtensibilityGlobals) = postSolution
		SolutionGuid = {F6A0F07D-D70F-460E-8CF5-C7C5AE784978}
	EndGlobalSection
EndGlobal
